// !$*UTF8*$!
{
	archiveVersion = 1;
	classes = {
	};
	objectVersion = 50;
	objects = {

/* Begin PBXBuildFile section */
		8C4C3D472394D79200E36BF1 /* AppDelegate.swift in Sources */ = {isa = PBXBuildFile; fileRef = 8C4C3D462394D79200E36BF1 /* AppDelegate.swift */; };
		8C4C3D492394D79200E36BF1 /* SceneDelegate.swift in Sources */ = {isa = PBXBuildFile; fileRef = 8C4C3D482394D79200E36BF1 /* SceneDelegate.swift */; };
		8C4C3D4B2394D79200E36BF1 /* MainTabView.swift in Sources */ = {isa = PBXBuildFile; fileRef = 8C4C3D4A2394D79200E36BF1 /* MainTabView.swift */; };
		8C4C3D4D2394D79400E36BF1 /* Assets.xcassets in Resources */ = {isa = PBXBuildFile; fileRef = 8C4C3D4C2394D79400E36BF1 /* Assets.xcassets */; };
		8C4C3D502394D79400E36BF1 /* Preview Assets.xcassets in Resources */ = {isa = PBXBuildFile; fileRef = 8C4C3D4F2394D79400E36BF1 /* Preview Assets.xcassets */; };
		8C4C3D532394D79400E36BF1 /* LaunchScreen.storyboard in Resources */ = {isa = PBXBuildFile; fileRef = 8C4C3D512394D79400E36BF1 /* LaunchScreen.storyboard */; };
		8CADE9ED239587F000B16863 /* String+Core.swift in Sources */ = {isa = PBXBuildFile; fileRef = 8CADE9EC239587F000B16863 /* String+Core.swift */; };
		8CD4F1032395A427008CA6D7 /* TaskList.swift in Sources */ = {isa = PBXBuildFile; fileRef = 8CD4F1022395A427008CA6D7 /* TaskList.swift */; };
		8CD4F1052395A5DD008CA6D7 /* ServiceList.swift in Sources */ = {isa = PBXBuildFile; fileRef = 8CD4F1042395A5DD008CA6D7 /* ServiceList.swift */; };
		8CD4F1072395A721008CA6D7 /* InformationView.swift in Sources */ = {isa = PBXBuildFile; fileRef = 8CD4F1062395A721008CA6D7 /* InformationView.swift */; };
		8CF5169C2396D50B0041C47B /* ProfileView.swift in Sources */ = {isa = PBXBuildFile; fileRef = 8CF5169B2396D50B0041C47B /* ProfileView.swift */; };
		8CFB52982396A51200EEB267 /* TaskModel.swift in Sources */ = {isa = PBXBuildFile; fileRef = 8CFB52972396A51200EEB267 /* TaskModel.swift */; };
		8CFB529A2396A52200EEB267 /* ServiceModel.swift in Sources */ = {isa = PBXBuildFile; fileRef = 8CFB52992396A52200EEB267 /* ServiceModel.swift */; };
		8CFB529F2396A73200EEB267 /* ServiceView.swift in Sources */ = {isa = PBXBuildFile; fileRef = 8CFB529E2396A73200EEB267 /* ServiceView.swift */; };
		8CFB52A82396ACA800EEB267 /* TaskView.swift in Sources */ = {isa = PBXBuildFile; fileRef = 8CFB52A72396ACA800EEB267 /* TaskView.swift */; };
/* End PBXBuildFile section */

/* Begin PBXFileReference section */
		8C4C3D432394D79200E36BF1 /* Smartmate.app */ = {isa = PBXFileReference; explicitFileType = wrapper.application; includeInIndex = 0; path = Smartmate.app; sourceTree = BUILT_PRODUCTS_DIR; };
		8C4C3D462394D79200E36BF1 /* AppDelegate.swift */ = {isa = PBXFileReference; lastKnownFileType = sourcecode.swift; path = AppDelegate.swift; sourceTree = "<group>"; };
		8C4C3D482394D79200E36BF1 /* SceneDelegate.swift */ = {isa = PBXFileReference; lastKnownFileType = sourcecode.swift; path = SceneDelegate.swift; sourceTree = "<group>"; };
		8C4C3D4A2394D79200E36BF1 /* MainTabView.swift */ = {isa = PBXFileReference; lastKnownFileType = sourcecode.swift; path = MainTabView.swift; sourceTree = "<group>"; };
		8C4C3D4C2394D79400E36BF1 /* Assets.xcassets */ = {isa = PBXFileReference; lastKnownFileType = folder.assetcatalog; path = Assets.xcassets; sourceTree = "<group>"; };
		8C4C3D4F2394D79400E36BF1 /* Preview Assets.xcassets */ = {isa = PBXFileReference; lastKnownFileType = folder.assetcatalog; path = "Preview Assets.xcassets"; sourceTree = "<group>"; };
		8C4C3D522394D79400E36BF1 /* Base */ = {isa = PBXFileReference; lastKnownFileType = file.storyboard; name = Base; path = Base.lproj/LaunchScreen.storyboard; sourceTree = "<group>"; };
		8C4C3D542394D79400E36BF1 /* Info.plist */ = {isa = PBXFileReference; lastKnownFileType = text.plist.xml; path = Info.plist; sourceTree = "<group>"; };
		8CADE9EC239587F000B16863 /* String+Core.swift */ = {isa = PBXFileReference; lastKnownFileType = sourcecode.swift; path = "String+Core.swift"; sourceTree = "<group>"; };
		8CD4F1022395A427008CA6D7 /* TaskList.swift */ = {isa = PBXFileReference; lastKnownFileType = sourcecode.swift; path = TaskList.swift; sourceTree = "<group>"; };
		8CD4F1042395A5DD008CA6D7 /* ServiceList.swift */ = {isa = PBXFileReference; lastKnownFileType = sourcecode.swift; path = ServiceList.swift; sourceTree = "<group>"; };
		8CD4F1062395A721008CA6D7 /* InformationView.swift */ = {isa = PBXFileReference; lastKnownFileType = sourcecode.swift; path = InformationView.swift; sourceTree = "<group>"; };
		8CF5169B2396D50B0041C47B /* ProfileView.swift */ = {isa = PBXFileReference; lastKnownFileType = sourcecode.swift; path = ProfileView.swift; sourceTree = "<group>"; };
		8CFB52972396A51200EEB267 /* TaskModel.swift */ = {isa = PBXFileReference; lastKnownFileType = sourcecode.swift; path = TaskModel.swift; sourceTree = "<group>"; };
		8CFB52992396A52200EEB267 /* ServiceModel.swift */ = {isa = PBXFileReference; lastKnownFileType = sourcecode.swift; path = ServiceModel.swift; sourceTree = "<group>"; };
		8CFB529E2396A73200EEB267 /* ServiceView.swift */ = {isa = PBXFileReference; lastKnownFileType = sourcecode.swift; path = ServiceView.swift; sourceTree = "<group>"; };
		8CFB52A72396ACA800EEB267 /* TaskView.swift */ = {isa = PBXFileReference; lastKnownFileType = sourcecode.swift; path = TaskView.swift; sourceTree = "<group>"; };
/* End PBXFileReference section */

/* Begin PBXFrameworksBuildPhase section */
		8C4C3D402394D79200E36BF1 /* Frameworks */ = {
			isa = PBXFrameworksBuildPhase;
			buildActionMask = 2147483647;
			files = (
			);
			runOnlyForDeploymentPostprocessing = 0;
		};
/* End PBXFrameworksBuildPhase section */

/* Begin PBXGroup section */
		8C4C3D3A2394D79200E36BF1 = {
			isa = PBXGroup;
			children = (
				8C4C3D452394D79200E36BF1 /* Smartmate */,
				8C4C3D442394D79200E36BF1 /* Products */,
			);
			sourceTree = "<group>";
		};
		8C4C3D442394D79200E36BF1 /* Products */ = {
			isa = PBXGroup;
			children = (
				8C4C3D432394D79200E36BF1 /* Smartmate.app */,
			);
			name = Products;
			sourceTree = "<group>";
		};
		8C4C3D452394D79200E36BF1 /* Smartmate */ = {
			isa = PBXGroup;
			children = (
				8CADE9F12395893E00B16863 /* App */,
				8CADE9EB239583EA00B16863 /* Core */,
				8CADE9EA2395839D00B16863 /* Resource */,
				8CADE9E92395837F00B16863 /* Environments */,
				8C4C3D4E2394D79400E36BF1 /* Preview Content */,
			);
			path = Smartmate;
			sourceTree = "<group>";
		};
		8C4C3D4E2394D79400E36BF1 /* Preview Content */ = {
			isa = PBXGroup;
			children = (
				8C4C3D4F2394D79400E36BF1 /* Preview Assets.xcassets */,
			);
			path = "Preview Content";
			sourceTree = "<group>";
		};
		8CADE9E92395837F00B16863 /* Environments */ = {
			isa = PBXGroup;
			children = (
				8C4C3D542394D79400E36BF1 /* Info.plist */,
			);
			path = Environments;
			sourceTree = "<group>";
		};
		8CADE9EA2395839D00B16863 /* Resource */ = {
			isa = PBXGroup;
			children = (
				8C4C3D512394D79400E36BF1 /* LaunchScreen.storyboard */,
				8C4C3D4C2394D79400E36BF1 /* Assets.xcassets */,
			);
			path = Resource;
			sourceTree = "<group>";
		};
		8CADE9EB239583EA00B16863 /* Core */ = {
			isa = PBXGroup;
			children = (
				8CADE9F02395890F00B16863 /* Extensions */,
			);
			path = Core;
			sourceTree = "<group>";
		};
		8CADE9F02395890F00B16863 /* Extensions */ = {
			isa = PBXGroup;
			children = (
				8CFB52A02396A85300EEB267 /* Foundation */,
			);
			path = Extensions;
			sourceTree = "<group>";
		};
		8CADE9F12395893E00B16863 /* App */ = {
			isa = PBXGroup;
			children = (
				8CADE9F52395899300B16863 /* Logic */,
				8CADE9F42395898600B16863 /* Entity */,
				8CADE9F32395896900B16863 /* Assembly */,
				8CADE9F22395895300B16863 /* Flows */,
			);
			path = App;
			sourceTree = "<group>";
		};
		8CADE9F22395895300B16863 /* Flows */ = {
			isa = PBXGroup;
			children = (
				8C4C3D4A2394D79200E36BF1 /* MainTabView.swift */,
				8CFB529D2396A70B00EEB267 /* Tasks */,
				8CFB529C2396A6FF00EEB267 /* Services */,
				8CFB52A92396AE4000EEB267 /* Information */,
			);
			path = Flows;
			sourceTree = "<group>";
		};
		8CADE9F32395896900B16863 /* Assembly */ = {
			isa = PBXGroup;
			children = (
			);
			path = Assembly;
			sourceTree = "<group>";
		};
		8CADE9F42395898600B16863 /* Entity */ = {
			isa = PBXGroup;
			children = (
				8CFB52972396A51200EEB267 /* TaskModel.swift */,
				8CFB52992396A52200EEB267 /* ServiceModel.swift */,
			);
			path = Entity;
			sourceTree = "<group>";
		};
		8CADE9F52395899300B16863 /* Logic */ = {
			isa = PBXGroup;
			children = (
				8C4C3D462394D79200E36BF1 /* AppDelegate.swift */,
				8C4C3D482394D79200E36BF1 /* SceneDelegate.swift */,
			);
			path = Logic;
			sourceTree = "<group>";
		};
		8CFB529C2396A6FF00EEB267 /* Services */ = {
			isa = PBXGroup;
			children = (
				8CD4F1042395A5DD008CA6D7 /* ServiceList.swift */,
				8CFB529E2396A73200EEB267 /* ServiceView.swift */,
			);
			path = Services;
			sourceTree = "<group>";
		};
		8CFB529D2396A70B00EEB267 /* Tasks */ = {
			isa = PBXGroup;
			children = (
				8CD4F1022395A427008CA6D7 /* TaskList.swift */,
				8CFB52A72396ACA800EEB267 /* TaskView.swift */,
			);
			path = Tasks;
			sourceTree = "<group>";
		};
		8CFB52A02396A85300EEB267 /* Foundation */ = {
			isa = PBXGroup;
			children = (
				8CADE9EC239587F000B16863 /* String+Core.swift */,
			);
			path = Foundation;
			sourceTree = "<group>";
		};
		8CFB52A92396AE4000EEB267 /* Information */ = {
			isa = PBXGroup;
			children = (
				8CD4F1062395A721008CA6D7 /* InformationView.swift */,
				8CF5169B2396D50B0041C47B /* ProfileView.swift */,
			);
			path = Information;
			sourceTree = "<group>";
		};
/* End PBXGroup section */

/* Begin PBXNativeTarget section */
		8C4C3D422394D79200E36BF1 /* Smartmate */ = {
			isa = PBXNativeTarget;
			buildConfigurationList = 8C4C3D572394D79400E36BF1 /* Build configuration list for PBXNativeTarget "Smartmate" */;
			buildPhases = (
				8C4C3D3F2394D79200E36BF1 /* Sources */,
				8C4C3D402394D79200E36BF1 /* Frameworks */,
				8C4C3D412394D79200E36BF1 /* Resources */,
			);
			buildRules = (
			);
			dependencies = (
			);
			name = Smartmate;
			productName = Smartmate;
			productReference = 8C4C3D432394D79200E36BF1 /* Smartmate.app */;
			productType = "com.apple.product-type.application";
		};
/* End PBXNativeTarget section */

/* Begin PBXProject section */
		8C4C3D3B2394D79200E36BF1 /* Project object */ = {
			isa = PBXProject;
			attributes = {
				LastSwiftUpdateCheck = 1120;
				LastUpgradeCheck = 1120;
				ORGANIZATIONNAME = "Владислав Фролов";
				TargetAttributes = {
					8C4C3D422394D79200E36BF1 = {
						CreatedOnToolsVersion = 11.2.1;
					};
				};
			};
			buildConfigurationList = 8C4C3D3E2394D79200E36BF1 /* Build configuration list for PBXProject "Smartmate" */;
			compatibilityVersion = "Xcode 9.3";
			developmentRegion = en;
			hasScannedForEncodings = 0;
			knownRegions = (
				en,
				Base,
			);
			mainGroup = 8C4C3D3A2394D79200E36BF1;
			productRefGroup = 8C4C3D442394D79200E36BF1 /* Products */;
			projectDirPath = "";
			projectRoot = "";
			targets = (
				8C4C3D422394D79200E36BF1 /* Smartmate */,
			);
		};
/* End PBXProject section */

/* Begin PBXResourcesBuildPhase section */
		8C4C3D412394D79200E36BF1 /* Resources */ = {
			isa = PBXResourcesBuildPhase;
			buildActionMask = 2147483647;
			files = (
				8C4C3D532394D79400E36BF1 /* LaunchScreen.storyboard in Resources */,
				8C4C3D502394D79400E36BF1 /* Preview Assets.xcassets in Resources */,
				8C4C3D4D2394D79400E36BF1 /* Assets.xcassets in Resources */,
			);
			runOnlyForDeploymentPostprocessing = 0;
		};
/* End PBXResourcesBuildPhase section */

/* Begin PBXSourcesBuildPhase section */
		8C4C3D3F2394D79200E36BF1 /* Sources */ = {
			isa = PBXSourcesBuildPhase;
			buildActionMask = 2147483647;
			files = (
				8CFB529F2396A73200EEB267 /* ServiceView.swift in Sources */,
				8CD4F1072395A721008CA6D7 /* InformationView.swift in Sources */,
				8CFB529A2396A52200EEB267 /* ServiceModel.swift in Sources */,
				8C4C3D472394D79200E36BF1 /* AppDelegate.swift in Sources */,
				8CF5169C2396D50B0041C47B /* ProfileView.swift in Sources */,
				8CD4F1032395A427008CA6D7 /* TaskList.swift in Sources */,
				8C4C3D492394D79200E36BF1 /* SceneDelegate.swift in Sources */,
				8CD4F1052395A5DD008CA6D7 /* ServiceList.swift in Sources */,
				8C4C3D4B2394D79200E36BF1 /* MainTabView.swift in Sources */,
				8CFB52982396A51200EEB267 /* TaskModel.swift in Sources */,
				8CFB52A82396ACA800EEB267 /* TaskView.swift in Sources */,
				8CADE9ED239587F000B16863 /* String+Core.swift in Sources */,
			);
			runOnlyForDeploymentPostprocessing = 0;
		};
/* End PBXSourcesBuildPhase section */

/* Begin PBXVariantGroup section */
		8C4C3D512394D79400E36BF1 /* LaunchScreen.storyboard */ = {
			isa = PBXVariantGroup;
			children = (
				8C4C3D522394D79400E36BF1 /* Base */,
			);
			name = LaunchScreen.storyboard;
			sourceTree = "<group>";
		};
/* End PBXVariantGroup section */

/* Begin XCBuildConfiguration section */
		8C4C3D552394D79400E36BF1 /* Debug */ = {
			isa = XCBuildConfiguration;
			buildSettings = {
				ALWAYS_SEARCH_USER_PATHS = NO;
				CLANG_ANALYZER_NONNULL = YES;
				CLANG_ANALYZER_NUMBER_OBJECT_CONVERSION = YES_AGGRESSIVE;
				CLANG_CXX_LANGUAGE_STANDARD = "gnu++14";
				CLANG_CXX_LIBRARY = "libc++";
				CLANG_ENABLE_MODULES = YES;
				CLANG_ENABLE_OBJC_ARC = YES;
				CLANG_ENABLE_OBJC_WEAK = YES;
				CLANG_WARN_BLOCK_CAPTURE_AUTORELEASING = YES;
				CLANG_WARN_BOOL_CONVERSION = YES;
				CLANG_WARN_COMMA = YES;
				CLANG_WARN_CONSTANT_CONVERSION = YES;
				CLANG_WARN_DEPRECATED_OBJC_IMPLEMENTATIONS = YES;
				CLANG_WARN_DIRECT_OBJC_ISA_USAGE = YES_ERROR;
				CLANG_WARN_DOCUMENTATION_COMMENTS = YES;
				CLANG_WARN_EMPTY_BODY = YES;
				CLANG_WARN_ENUM_CONVERSION = YES;
				CLANG_WARN_INFINITE_RECURSION = YES;
				CLANG_WARN_INT_CONVERSION = YES;
				CLANG_WARN_NON_LITERAL_NULL_CONVERSION = YES;
				CLANG_WARN_OBJC_IMPLICIT_RETAIN_SELF = YES;
				CLANG_WARN_OBJC_LITERAL_CONVERSION = YES;
				CLANG_WARN_OBJC_ROOT_CLASS = YES_ERROR;
				CLANG_WARN_RANGE_LOOP_ANALYSIS = YES;
				CLANG_WARN_STRICT_PROTOTYPES = YES;
				CLANG_WARN_SUSPICIOUS_MOVE = YES;
				CLANG_WARN_UNGUARDED_AVAILABILITY = YES_AGGRESSIVE;
				CLANG_WARN_UNREACHABLE_CODE = YES;
				CLANG_WARN__DUPLICATE_METHOD_MATCH = YES;
				COPY_PHASE_STRIP = NO;
				DEBUG_INFORMATION_FORMAT = dwarf;
				ENABLE_STRICT_OBJC_MSGSEND = YES;
				ENABLE_TESTABILITY = YES;
				GCC_C_LANGUAGE_STANDARD = gnu11;
				GCC_DYNAMIC_NO_PIC = NO;
				GCC_NO_COMMON_BLOCKS = YES;
				GCC_OPTIMIZATION_LEVEL = 0;
				GCC_PREPROCESSOR_DEFINITIONS = (
					"DEBUG=1",
					"$(inherited)",
				);
				GCC_WARN_64_TO_32_BIT_CONVERSION = YES;
				GCC_WARN_ABOUT_RETURN_TYPE = YES_ERROR;
				GCC_WARN_UNDECLARED_SELECTOR = YES;
				GCC_WARN_UNINITIALIZED_AUTOS = YES_AGGRESSIVE;
				GCC_WARN_UNUSED_FUNCTION = YES;
				GCC_WARN_UNUSED_VARIABLE = YES;
				IPHONEOS_DEPLOYMENT_TARGET = 13.2;
				MTL_ENABLE_DEBUG_INFO = INCLUDE_SOURCE;
				MTL_FAST_MATH = YES;
				ONLY_ACTIVE_ARCH = YES;
				SDKROOT = iphoneos;
				SWIFT_ACTIVE_COMPILATION_CONDITIONS = DEBUG;
				SWIFT_OPTIMIZATION_LEVEL = "-Onone";
			};
			name = Debug;
		};
		8C4C3D562394D79400E36BF1 /* Release */ = {
			isa = XCBuildConfiguration;
			buildSettings = {
				ALWAYS_SEARCH_USER_PATHS = NO;
				CLANG_ANALYZER_NONNULL = YES;
				CLANG_ANALYZER_NUMBER_OBJECT_CONVERSION = YES_AGGRESSIVE;
				CLANG_CXX_LANGUAGE_STANDARD = "gnu++14";
				CLANG_CXX_LIBRARY = "libc++";
				CLANG_ENABLE_MODULES = YES;
				CLANG_ENABLE_OBJC_ARC = YES;
				CLANG_ENABLE_OBJC_WEAK = YES;
				CLANG_WARN_BLOCK_CAPTURE_AUTORELEASING = YES;
				CLANG_WARN_BOOL_CONVERSION = YES;
				CLANG_WARN_COMMA = YES;
				CLANG_WARN_CONSTANT_CONVERSION = YES;
				CLANG_WARN_DEPRECATED_OBJC_IMPLEMENTATIONS = YES;
				CLANG_WARN_DIRECT_OBJC_ISA_USAGE = YES_ERROR;
				CLANG_WARN_DOCUMENTATION_COMMENTS = YES;
				CLANG_WARN_EMPTY_BODY = YES;
				CLANG_WARN_ENUM_CONVERSION = YES;
				CLANG_WARN_INFINITE_RECURSION = YES;
				CLANG_WARN_INT_CONVERSION = YES;
				CLANG_WARN_NON_LITERAL_NULL_CONVERSION = YES;
				CLANG_WARN_OBJC_IMPLICIT_RETAIN_SELF = YES;
				CLANG_WARN_OBJC_LITERAL_CONVERSION = YES;
				CLANG_WARN_OBJC_ROOT_CLASS = YES_ERROR;
				CLANG_WARN_RANGE_LOOP_ANALYSIS = YES;
				CLANG_WARN_STRICT_PROTOTYPES = YES;
				CLANG_WARN_SUSPICIOUS_MOVE = YES;
				CLANG_WARN_UNGUARDED_AVAILABILITY = YES_AGGRESSIVE;
				CLANG_WARN_UNREACHABLE_CODE = YES;
				CLANG_WARN__DUPLICATE_METHOD_MATCH = YES;
				COPY_PHASE_STRIP = NO;
				DEBUG_INFORMATION_FORMAT = "dwarf-with-dsym";
				ENABLE_NS_ASSERTIONS = NO;
				ENABLE_STRICT_OBJC_MSGSEND = YES;
				GCC_C_LANGUAGE_STANDARD = gnu11;
				GCC_NO_COMMON_BLOCKS = YES;
				GCC_WARN_64_TO_32_BIT_CONVERSION = YES;
				GCC_WARN_ABOUT_RETURN_TYPE = YES_ERROR;
				GCC_WARN_UNDECLARED_SELECTOR = YES;
				GCC_WARN_UNINITIALIZED_AUTOS = YES_AGGRESSIVE;
				GCC_WARN_UNUSED_FUNCTION = YES;
				GCC_WARN_UNUSED_VARIABLE = YES;
				IPHONEOS_DEPLOYMENT_TARGET = 13.2;
				MTL_ENABLE_DEBUG_INFO = NO;
				MTL_FAST_MATH = YES;
				SDKROOT = iphoneos;
				SWIFT_COMPILATION_MODE = wholemodule;
				SWIFT_OPTIMIZATION_LEVEL = "-O";
				VALIDATE_PRODUCT = YES;
			};
			name = Release;
		};
		8C4C3D582394D79400E36BF1 /* Debug */ = {
			isa = XCBuildConfiguration;
			buildSettings = {
				ASSETCATALOG_COMPILER_APPICON_NAME = AppIcon;
				CODE_SIGN_STYLE = Automatic;
				DEVELOPMENT_ASSET_PATHS = "\"Smartmate/Preview Content\"";
				DEVELOPMENT_TEAM = VSM5Z233VL;
				ENABLE_PREVIEWS = YES;
				INFOPLIST_FILE = Smartmate/Environments/Info.plist;
				LD_RUNPATH_SEARCH_PATHS = (
					"$(inherited)",
					"@executable_path/Frameworks",
				);
				PRODUCT_BUNDLE_IDENTIFIER = VF.Smartmate;
				PRODUCT_NAME = "$(TARGET_NAME)";
				SWIFT_VERSION = 5.0;
				TARGETED_DEVICE_FAMILY = "1,2";
			};
			name = Debug;
		};
		8C4C3D592394D79400E36BF1 /* Release */ = {
			isa = XCBuildConfiguration;
			buildSettings = {
				ASSETCATALOG_COMPILER_APPICON_NAME = AppIcon;
				CODE_SIGN_STYLE = Automatic;
				DEVELOPMENT_ASSET_PATHS = "\"Smartmate/Preview Content\"";
				DEVELOPMENT_TEAM = VSM5Z233VL;
				ENABLE_PREVIEWS = YES;
				INFOPLIST_FILE = Smartmate/Environments/Info.plist;
				LD_RUNPATH_SEARCH_PATHS = (
					"$(inherited)",
					"@executable_path/Frameworks",
				);
				PRODUCT_BUNDLE_IDENTIFIER = VF.Smartmate;
				PRODUCT_NAME = "$(TARGET_NAME)";
				SWIFT_VERSION = 5.0;
				TARGETED_DEVICE_FAMILY = "1,2";
			};
			name = Release;
		};
/* End XCBuildConfiguration section */

/* Begin XCConfigurationList section */
		8C4C3D3E2394D79200E36BF1 /* Build configuration list for PBXProject "Smartmate" */ = {
			isa = XCConfigurationList;
			buildConfigurations = (
				8C4C3D552394D79400E36BF1 /* Debug */,
				8C4C3D562394D79400E36BF1 /* Release */,
			);
			defaultConfigurationIsVisible = 0;
			defaultConfigurationName = Release;
		};
		8C4C3D572394D79400E36BF1 /* Build configuration list for PBXNativeTarget "Smartmate" */ = {
			isa = XCConfigurationList;
			buildConfigurations = (
				8C4C3D582394D79400E36BF1 /* Debug */,
				8C4C3D592394D79400E36BF1 /* Release */,
			);
			defaultConfigurationIsVisible = 0;
			defaultConfigurationName = Release;
		};
/* End XCConfigurationList section */
	};
	rootObject = 8C4C3D3B2394D79200E36BF1 /* Project object */;
}
