// !$*UTF8*$!
{
	archiveVersion = 1;
	classes = {
	};
	objectVersion = 52;
	objects = {

/* Begin PBXBuildFile section */
		8C319D4123AAD48D00DADB7A /* UserDefaults+PropertyWrapper.swift in Sources */ = {isa = PBXBuildFile; fileRef = 8C319D4023AAD48D00DADB7A /* UserDefaults+PropertyWrapper.swift */; };
		8C319D4423AAD95B00DADB7A /* AppData.swift in Sources */ = {isa = PBXBuildFile; fileRef = 8C319D4323AAD95B00DADB7A /* AppData.swift */; };
		8C319D4723AAE6C000DADB7A /* WebView.swift in Sources */ = {isa = PBXBuildFile; fileRef = 8C319D4623AAE6C000DADB7A /* WebView.swift */; };
		8C49FC6E239AD87900BB319B /* BookmarkRow.swift in Sources */ = {isa = PBXBuildFile; fileRef = 8C49FC6D239AD87900BB319B /* BookmarkRow.swift */; };
		8C49FC71239ADB5200BB319B /* Star.swift in Sources */ = {isa = PBXBuildFile; fileRef = 8C49FC70239ADB5200BB319B /* Star.swift */; };
		8C4C3D472394D79200E36BF1 /* AppDelegate.swift in Sources */ = {isa = PBXBuildFile; fileRef = 8C4C3D462394D79200E36BF1 /* AppDelegate.swift */; };
		8C4C3D492394D79200E36BF1 /* SceneDelegate.swift in Sources */ = {isa = PBXBuildFile; fileRef = 8C4C3D482394D79200E36BF1 /* SceneDelegate.swift */; };
		8C4C3D4B2394D79200E36BF1 /* MainTabView.swift in Sources */ = {isa = PBXBuildFile; fileRef = 8C4C3D4A2394D79200E36BF1 /* MainTabView.swift */; };
		8C4C3D4D2394D79400E36BF1 /* Assets.xcassets in Resources */ = {isa = PBXBuildFile; fileRef = 8C4C3D4C2394D79400E36BF1 /* Assets.xcassets */; };
		8C4C3D502394D79400E36BF1 /* Preview Assets.xcassets in Resources */ = {isa = PBXBuildFile; fileRef = 8C4C3D4F2394D79400E36BF1 /* Preview Assets.xcassets */; };
		8C4C3D532394D79400E36BF1 /* LaunchScreen.storyboard in Resources */ = {isa = PBXBuildFile; fileRef = 8C4C3D512394D79400E36BF1 /* LaunchScreen.storyboard */; };
		8C62950023B545D700005F7C /* Color+Core.swift in Sources */ = {isa = PBXBuildFile; fileRef = 8C6294FF23B545D700005F7C /* Color+Core.swift */; };
		8C62950423B54FC800005F7C /* InputRow.swift in Sources */ = {isa = PBXBuildFile; fileRef = 8C62950323B54FC800005F7C /* InputRow.swift */; };
		8C6373AF23A8F39A00EA7065 /* CreateBookmarkView.swift in Sources */ = {isa = PBXBuildFile; fileRef = 8C6373AE23A8F39A00EA7065 /* CreateBookmarkView.swift */; };
		8C6373B123A8F49000EA7065 /* CreateBookmarkVM.swift in Sources */ = {isa = PBXBuildFile; fileRef = 8C6373B023A8F49000EA7065 /* CreateBookmarkVM.swift */; };
		8C85C0EB23A91828004FD589 /* ModelError.swift in Sources */ = {isa = PBXBuildFile; fileRef = 8C85C0E823A91828004FD589 /* ModelError.swift */; };
		8C85C0FA23A91A76004FD589 /* Bookmark.swift in Sources */ = {isa = PBXBuildFile; fileRef = 8C85C0F823A91A75004FD589 /* Bookmark.swift */; };
		8C85C0FB23A91A76004FD589 /* Task.swift in Sources */ = {isa = PBXBuildFile; fileRef = 8C85C0F923A91A76004FD589 /* Task.swift */; };
		8C8BB0F123ACA96A00EE8C10 /* BookmarkVM.swift in Sources */ = {isa = PBXBuildFile; fileRef = 8C8BB0F023ACA96A00EE8C10 /* BookmarkVM.swift */; };
		8C8BB35123AD019300EE8C10 /* ProgressBar.swift in Sources */ = {isa = PBXBuildFile; fileRef = 8C8BB35023AD019300EE8C10 /* ProgressBar.swift */; };
		8C8DA357239BEDB9002A9567 /* TaskRow.swift in Sources */ = {isa = PBXBuildFile; fileRef = 8C8DA356239BEDB9002A9567 /* TaskRow.swift */; };
		8C8F294923AA59E7005BAEA1 /* TasksAPI.swift in Sources */ = {isa = PBXBuildFile; fileRef = 8C8F294723AA59E7005BAEA1 /* TasksAPI.swift */; };
		8C8F294A23AA59E7005BAEA1 /* BookmarksAPI.swift in Sources */ = {isa = PBXBuildFile; fileRef = 8C8F294823AA59E7005BAEA1 /* BookmarksAPI.swift */; };
		8C8F294D23AA5A2B005BAEA1 /* Page.swift in Sources */ = {isa = PBXBuildFile; fileRef = 8C8F294C23AA5A2B005BAEA1 /* Page.swift */; };
		8C8F294F23AA5A38005BAEA1 /* PageData.swift in Sources */ = {isa = PBXBuildFile; fileRef = 8C8F294E23AA5A38005BAEA1 /* PageData.swift */; };
		8C8F295123AA5A4A005BAEA1 /* PagePosition.swift in Sources */ = {isa = PBXBuildFile; fileRef = 8C8F295023AA5A4A005BAEA1 /* PagePosition.swift */; };
		8C8F295323AA5A81005BAEA1 /* BookmarkPage.swift in Sources */ = {isa = PBXBuildFile; fileRef = 8C8F295223AA5A81005BAEA1 /* BookmarkPage.swift */; };
		8C8F295523AA5AE3005BAEA1 /* TaskPage.swift in Sources */ = {isa = PBXBuildFile; fileRef = 8C8F295423AA5AE3005BAEA1 /* TaskPage.swift */; };
		8C8F295723AA8B9C005BAEA1 /* Loader.swift in Sources */ = {isa = PBXBuildFile; fileRef = 8C8F295623AA8B9C005BAEA1 /* Loader.swift */; };
		8C940D7A23A6BC0500EE6A9A /* Smartmate_ApiSpec.yaml in Resources */ = {isa = PBXBuildFile; fileRef = 8C940D7923A6BC0500EE6A9A /* Smartmate_ApiSpec.yaml */; };
		8C940D8423A6BDB600EE6A9A /* AlamofireImplementations.swift in Sources */ = {isa = PBXBuildFile; fileRef = 8C940D7F23A6BDB500EE6A9A /* AlamofireImplementations.swift */; };
		8C940D8523A6BDB600EE6A9A /* APIHelper.swift in Sources */ = {isa = PBXBuildFile; fileRef = 8C940D8023A6BDB500EE6A9A /* APIHelper.swift */; };
		8C940D8623A6BDB600EE6A9A /* Models.swift in Sources */ = {isa = PBXBuildFile; fileRef = 8C940D8123A6BDB500EE6A9A /* Models.swift */; };
		8C940D8723A6BDB600EE6A9A /* Configuration.swift in Sources */ = {isa = PBXBuildFile; fileRef = 8C940D8223A6BDB500EE6A9A /* Configuration.swift */; };
		8C940D8823A6BDB600EE6A9A /* Extensions.swift in Sources */ = {isa = PBXBuildFile; fileRef = 8C940D8323A6BDB600EE6A9A /* Extensions.swift */; };
		8C940D8B23A6BDC300EE6A9A /* JSONEncodableEncoding.swift in Sources */ = {isa = PBXBuildFile; fileRef = 8C940D8923A6BDC300EE6A9A /* JSONEncodableEncoding.swift */; };
		8C940D8C23A6BDC300EE6A9A /* JSONEncodingHelper.swift in Sources */ = {isa = PBXBuildFile; fileRef = 8C940D8A23A6BDC300EE6A9A /* JSONEncodingHelper.swift */; };
		8C940D8F23A6BDCC00EE6A9A /* CodableHelper.swift in Sources */ = {isa = PBXBuildFile; fileRef = 8C940D8D23A6BDCC00EE6A9A /* CodableHelper.swift */; };
		8C940D9023A6BDCC00EE6A9A /* APIs.swift in Sources */ = {isa = PBXBuildFile; fileRef = 8C940D8E23A6BDCC00EE6A9A /* APIs.swift */; };
		8C940D9323A6BEC800EE6A9A /* Alamofire in Frameworks */ = {isa = PBXBuildFile; productRef = 8C940D9223A6BEC800EE6A9A /* Alamofire */; };
		8C97AD4E239D3377005219D0 /* CreateElementRow.swift in Sources */ = {isa = PBXBuildFile; fileRef = 8C97AD4D239D3377005219D0 /* CreateElementRow.swift */; };
		8C97FE65239BBBA700D34F5B /* SoaringView.swift in Sources */ = {isa = PBXBuildFile; fileRef = 8C97FE64239BBBA700D34F5B /* SoaringView.swift */; };
		8C983CE5239FCBBF00BA2D10 /* View+Core.swift in Sources */ = {isa = PBXBuildFile; fileRef = 8C983CE4239FCBBF00BA2D10 /* View+Core.swift */; };
		8C983CE7239FD38700BA2D10 /* RandomAccessCollection+Core.swift in Sources */ = {isa = PBXBuildFile; fileRef = 8C983CE6239FD38700BA2D10 /* RandomAccessCollection+Core.swift */; };
		8CD4F1032395A427008CA6D7 /* TaskList.swift in Sources */ = {isa = PBXBuildFile; fileRef = 8CD4F1022395A427008CA6D7 /* TaskList.swift */; };
		8CD4F1052395A5DD008CA6D7 /* BookmarkList.swift in Sources */ = {isa = PBXBuildFile; fileRef = 8CD4F1042395A5DD008CA6D7 /* BookmarkList.swift */; };
		8CD4F1072395A721008CA6D7 /* InformationView.swift in Sources */ = {isa = PBXBuildFile; fileRef = 8CD4F1062395A721008CA6D7 /* InformationView.swift */; };
		8CF5169C2396D50B0041C47B /* ProfileView.swift in Sources */ = {isa = PBXBuildFile; fileRef = 8CF5169B2396D50B0041C47B /* ProfileView.swift */; };
		8CF68FC5239A8D0500CD0652 /* TaskListVM.swift in Sources */ = {isa = PBXBuildFile; fileRef = 8CF68FC4239A8D0500CD0652 /* TaskListVM.swift */; };
		8CF68FC7239A8D6400CD0652 /* BookmarkListVM.swift in Sources */ = {isa = PBXBuildFile; fileRef = 8CF68FC6239A8D6400CD0652 /* BookmarkListVM.swift */; };
		8CF68FC9239A8D9600CD0652 /* InformationVM.swift in Sources */ = {isa = PBXBuildFile; fileRef = 8CF68FC8239A8D9600CD0652 /* InformationVM.swift */; };
		8CF68FCB239A90B900CD0652 /* Profile.swift in Sources */ = {isa = PBXBuildFile; fileRef = 8CF68FCA239A90B900CD0652 /* Profile.swift */; };
		8CFAD08B239AA4640016ACA9 /* ScreenType.swift in Sources */ = {isa = PBXBuildFile; fileRef = 8CFAD08A239AA4640016ACA9 /* ScreenType.swift */; };
		8CFAD08D239AA4B60016ACA9 /* TabItem.swift in Sources */ = {isa = PBXBuildFile; fileRef = 8CFAD08C239AA4B60016ACA9 /* TabItem.swift */; };
		8CFB529F2396A73200EEB267 /* BookmarkView.swift in Sources */ = {isa = PBXBuildFile; fileRef = 8CFB529E2396A73200EEB267 /* BookmarkView.swift */; };
		8CFB52A82396ACA800EEB267 /* TaskView.swift in Sources */ = {isa = PBXBuildFile; fileRef = 8CFB52A72396ACA800EEB267 /* TaskView.swift */; };
/* End PBXBuildFile section */

/* Begin PBXFileReference section */
		8C319D4023AAD48D00DADB7A /* UserDefaults+PropertyWrapper.swift */ = {isa = PBXFileReference; lastKnownFileType = sourcecode.swift; path = "UserDefaults+PropertyWrapper.swift"; sourceTree = "<group>"; };
		8C319D4323AAD95B00DADB7A /* AppData.swift */ = {isa = PBXFileReference; lastKnownFileType = sourcecode.swift; path = AppData.swift; sourceTree = "<group>"; };
		8C319D4623AAE6C000DADB7A /* WebView.swift */ = {isa = PBXFileReference; lastKnownFileType = sourcecode.swift; path = WebView.swift; sourceTree = "<group>"; };
		8C49FC6D239AD87900BB319B /* BookmarkRow.swift */ = {isa = PBXFileReference; lastKnownFileType = sourcecode.swift; path = BookmarkRow.swift; sourceTree = "<group>"; };
		8C49FC70239ADB5200BB319B /* Star.swift */ = {isa = PBXFileReference; lastKnownFileType = sourcecode.swift; path = Star.swift; sourceTree = "<group>"; };
		8C4C3D432394D79200E36BF1 /* Smartmate.app */ = {isa = PBXFileReference; explicitFileType = wrapper.application; includeInIndex = 0; path = Smartmate.app; sourceTree = BUILT_PRODUCTS_DIR; };
		8C4C3D462394D79200E36BF1 /* AppDelegate.swift */ = {isa = PBXFileReference; lastKnownFileType = sourcecode.swift; path = AppDelegate.swift; sourceTree = "<group>"; };
		8C4C3D482394D79200E36BF1 /* SceneDelegate.swift */ = {isa = PBXFileReference; lastKnownFileType = sourcecode.swift; path = SceneDelegate.swift; sourceTree = "<group>"; };
		8C4C3D4A2394D79200E36BF1 /* MainTabView.swift */ = {isa = PBXFileReference; lastKnownFileType = sourcecode.swift; path = MainTabView.swift; sourceTree = "<group>"; };
		8C4C3D4C2394D79400E36BF1 /* Assets.xcassets */ = {isa = PBXFileReference; lastKnownFileType = folder.assetcatalog; path = Assets.xcassets; sourceTree = "<group>"; };
		8C4C3D4F2394D79400E36BF1 /* Preview Assets.xcassets */ = {isa = PBXFileReference; lastKnownFileType = folder.assetcatalog; path = "Preview Assets.xcassets"; sourceTree = "<group>"; };
		8C4C3D522394D79400E36BF1 /* Base */ = {isa = PBXFileReference; lastKnownFileType = file.storyboard; name = Base; path = Base.lproj/LaunchScreen.storyboard; sourceTree = "<group>"; };
		8C4C3D542394D79400E36BF1 /* Info.plist */ = {isa = PBXFileReference; lastKnownFileType = text.plist.xml; path = Info.plist; sourceTree = "<group>"; };
		8C6294FF23B545D700005F7C /* Color+Core.swift */ = {isa = PBXFileReference; lastKnownFileType = sourcecode.swift; path = "Color+Core.swift"; sourceTree = "<group>"; };
		8C62950323B54FC800005F7C /* InputRow.swift */ = {isa = PBXFileReference; lastKnownFileType = sourcecode.swift; path = InputRow.swift; sourceTree = "<group>"; };
		8C6373AE23A8F39A00EA7065 /* CreateBookmarkView.swift */ = {isa = PBXFileReference; lastKnownFileType = sourcecode.swift; path = CreateBookmarkView.swift; sourceTree = "<group>"; };
		8C6373B023A8F49000EA7065 /* CreateBookmarkVM.swift */ = {isa = PBXFileReference; lastKnownFileType = sourcecode.swift; path = CreateBookmarkVM.swift; sourceTree = "<group>"; };
		8C85C0E823A91828004FD589 /* ModelError.swift */ = {isa = PBXFileReference; fileEncoding = 4; lastKnownFileType = sourcecode.swift; path = ModelError.swift; sourceTree = "<group>"; };
		8C85C0F823A91A75004FD589 /* Bookmark.swift */ = {isa = PBXFileReference; fileEncoding = 4; lastKnownFileType = sourcecode.swift; path = Bookmark.swift; sourceTree = "<group>"; };
		8C85C0F923A91A76004FD589 /* Task.swift */ = {isa = PBXFileReference; fileEncoding = 4; lastKnownFileType = sourcecode.swift; path = Task.swift; sourceTree = "<group>"; };
		8C8BB0F023ACA96A00EE8C10 /* BookmarkVM.swift */ = {isa = PBXFileReference; lastKnownFileType = sourcecode.swift; path = BookmarkVM.swift; sourceTree = "<group>"; };
		8C8BB35023AD019300EE8C10 /* ProgressBar.swift */ = {isa = PBXFileReference; lastKnownFileType = sourcecode.swift; path = ProgressBar.swift; sourceTree = "<group>"; };
		8C8DA356239BEDB9002A9567 /* TaskRow.swift */ = {isa = PBXFileReference; lastKnownFileType = sourcecode.swift; path = TaskRow.swift; sourceTree = "<group>"; };
		8C8F294723AA59E7005BAEA1 /* TasksAPI.swift */ = {isa = PBXFileReference; fileEncoding = 4; lastKnownFileType = sourcecode.swift; path = TasksAPI.swift; sourceTree = "<group>"; };
		8C8F294823AA59E7005BAEA1 /* BookmarksAPI.swift */ = {isa = PBXFileReference; fileEncoding = 4; lastKnownFileType = sourcecode.swift; path = BookmarksAPI.swift; sourceTree = "<group>"; };
		8C8F294C23AA5A2B005BAEA1 /* Page.swift */ = {isa = PBXFileReference; fileEncoding = 4; lastKnownFileType = sourcecode.swift; path = Page.swift; sourceTree = "<group>"; };
		8C8F294E23AA5A38005BAEA1 /* PageData.swift */ = {isa = PBXFileReference; fileEncoding = 4; lastKnownFileType = sourcecode.swift; path = PageData.swift; sourceTree = "<group>"; };
		8C8F295023AA5A4A005BAEA1 /* PagePosition.swift */ = {isa = PBXFileReference; fileEncoding = 4; lastKnownFileType = sourcecode.swift; path = PagePosition.swift; sourceTree = "<group>"; };
		8C8F295223AA5A81005BAEA1 /* BookmarkPage.swift */ = {isa = PBXFileReference; fileEncoding = 4; lastKnownFileType = sourcecode.swift; path = BookmarkPage.swift; sourceTree = "<group>"; };
		8C8F295423AA5AE3005BAEA1 /* TaskPage.swift */ = {isa = PBXFileReference; fileEncoding = 4; lastKnownFileType = sourcecode.swift; path = TaskPage.swift; sourceTree = "<group>"; };
		8C8F295623AA8B9C005BAEA1 /* Loader.swift */ = {isa = PBXFileReference; lastKnownFileType = sourcecode.swift; path = Loader.swift; sourceTree = "<group>"; };
		8C940D7923A6BC0500EE6A9A /* Smartmate_ApiSpec.yaml */ = {isa = PBXFileReference; fileEncoding = 4; lastKnownFileType = text.yaml; path = Smartmate_ApiSpec.yaml; sourceTree = "<group>"; };
		8C940D7F23A6BDB500EE6A9A /* AlamofireImplementations.swift */ = {isa = PBXFileReference; fileEncoding = 4; lastKnownFileType = sourcecode.swift; path = AlamofireImplementations.swift; sourceTree = "<group>"; };
		8C940D8023A6BDB500EE6A9A /* APIHelper.swift */ = {isa = PBXFileReference; fileEncoding = 4; lastKnownFileType = sourcecode.swift; path = APIHelper.swift; sourceTree = "<group>"; };
		8C940D8123A6BDB500EE6A9A /* Models.swift */ = {isa = PBXFileReference; fileEncoding = 4; lastKnownFileType = sourcecode.swift; path = Models.swift; sourceTree = "<group>"; };
		8C940D8223A6BDB500EE6A9A /* Configuration.swift */ = {isa = PBXFileReference; fileEncoding = 4; lastKnownFileType = sourcecode.swift; path = Configuration.swift; sourceTree = "<group>"; };
		8C940D8323A6BDB600EE6A9A /* Extensions.swift */ = {isa = PBXFileReference; fileEncoding = 4; lastKnownFileType = sourcecode.swift; path = Extensions.swift; sourceTree = "<group>"; };
		8C940D8923A6BDC300EE6A9A /* JSONEncodableEncoding.swift */ = {isa = PBXFileReference; fileEncoding = 4; lastKnownFileType = sourcecode.swift; path = JSONEncodableEncoding.swift; sourceTree = "<group>"; };
		8C940D8A23A6BDC300EE6A9A /* JSONEncodingHelper.swift */ = {isa = PBXFileReference; fileEncoding = 4; lastKnownFileType = sourcecode.swift; path = JSONEncodingHelper.swift; sourceTree = "<group>"; };
		8C940D8D23A6BDCC00EE6A9A /* CodableHelper.swift */ = {isa = PBXFileReference; fileEncoding = 4; lastKnownFileType = sourcecode.swift; path = CodableHelper.swift; sourceTree = "<group>"; };
		8C940D8E23A6BDCC00EE6A9A /* APIs.swift */ = {isa = PBXFileReference; fileEncoding = 4; lastKnownFileType = sourcecode.swift; path = APIs.swift; sourceTree = "<group>"; };
		8C97AD4D239D3377005219D0 /* CreateElementRow.swift */ = {isa = PBXFileReference; lastKnownFileType = sourcecode.swift; path = CreateElementRow.swift; sourceTree = "<group>"; };
		8C97FE64239BBBA700D34F5B /* SoaringView.swift */ = {isa = PBXFileReference; lastKnownFileType = sourcecode.swift; path = SoaringView.swift; sourceTree = "<group>"; };
		8C983CE4239FCBBF00BA2D10 /* View+Core.swift */ = {isa = PBXFileReference; lastKnownFileType = sourcecode.swift; path = "View+Core.swift"; sourceTree = "<group>"; };
		8C983CE6239FD38700BA2D10 /* RandomAccessCollection+Core.swift */ = {isa = PBXFileReference; lastKnownFileType = sourcecode.swift; path = "RandomAccessCollection+Core.swift"; sourceTree = "<group>"; };
		8CD4F1022395A427008CA6D7 /* TaskList.swift */ = {isa = PBXFileReference; lastKnownFileType = sourcecode.swift; path = TaskList.swift; sourceTree = "<group>"; };
		8CD4F1042395A5DD008CA6D7 /* BookmarkList.swift */ = {isa = PBXFileReference; lastKnownFileType = sourcecode.swift; path = BookmarkList.swift; sourceTree = "<group>"; };
		8CD4F1062395A721008CA6D7 /* InformationView.swift */ = {isa = PBXFileReference; lastKnownFileType = sourcecode.swift; path = InformationView.swift; sourceTree = "<group>"; };
		8CF5169B2396D50B0041C47B /* ProfileView.swift */ = {isa = PBXFileReference; lastKnownFileType = sourcecode.swift; path = ProfileView.swift; sourceTree = "<group>"; };
		8CF68FC4239A8D0500CD0652 /* TaskListVM.swift */ = {isa = PBXFileReference; lastKnownFileType = sourcecode.swift; path = TaskListVM.swift; sourceTree = "<group>"; };
		8CF68FC6239A8D6400CD0652 /* BookmarkListVM.swift */ = {isa = PBXFileReference; lastKnownFileType = sourcecode.swift; path = BookmarkListVM.swift; sourceTree = "<group>"; };
		8CF68FC8239A8D9600CD0652 /* InformationVM.swift */ = {isa = PBXFileReference; lastKnownFileType = sourcecode.swift; path = InformationVM.swift; sourceTree = "<group>"; };
		8CF68FCA239A90B900CD0652 /* Profile.swift */ = {isa = PBXFileReference; lastKnownFileType = sourcecode.swift; path = Profile.swift; sourceTree = "<group>"; };
		8CFAD08A239AA4640016ACA9 /* ScreenType.swift */ = {isa = PBXFileReference; lastKnownFileType = sourcecode.swift; path = ScreenType.swift; sourceTree = "<group>"; };
		8CFAD08C239AA4B60016ACA9 /* TabItem.swift */ = {isa = PBXFileReference; lastKnownFileType = sourcecode.swift; path = TabItem.swift; sourceTree = "<group>"; };
		8CFB529E2396A73200EEB267 /* BookmarkView.swift */ = {isa = PBXFileReference; lastKnownFileType = sourcecode.swift; path = BookmarkView.swift; sourceTree = "<group>"; };
		8CFB52A72396ACA800EEB267 /* TaskView.swift */ = {isa = PBXFileReference; lastKnownFileType = sourcecode.swift; path = TaskView.swift; sourceTree = "<group>"; };
/* End PBXFileReference section */

/* Begin PBXFrameworksBuildPhase section */
		8C4C3D402394D79200E36BF1 /* Frameworks */ = {
			isa = PBXFrameworksBuildPhase;
			buildActionMask = 2147483647;
			files = (
				8C940D9323A6BEC800EE6A9A /* Alamofire in Frameworks */,
			);
			runOnlyForDeploymentPostprocessing = 0;
		};
/* End PBXFrameworksBuildPhase section */

/* Begin PBXGroup section */
		8C319D3F23AAD44800DADB7A /* Property Wrappres */ = {
			isa = PBXGroup;
			children = (
				8C319D4023AAD48D00DADB7A /* UserDefaults+PropertyWrapper.swift */,
			);
			path = "Property Wrappres";
			sourceTree = "<group>";
		};
		8C319D4223AAD8A000DADB7A /* Utils */ = {
			isa = PBXGroup;
			children = (
				8C319D4323AAD95B00DADB7A /* AppData.swift */,
			);
			path = Utils;
			sourceTree = "<group>";
		};
		8C319D4523AAE64B00DADB7A /* RepresentableViews */ = {
			isa = PBXGroup;
			children = (
				8C319D4623AAE6C000DADB7A /* WebView.swift */,
			);
			path = RepresentableViews;
			sourceTree = "<group>";
		};
		8C49FC6F239ADB3A00BB319B /* Common */ = {
			isa = PBXGroup;
			children = (
				8C319D4523AAE64B00DADB7A /* RepresentableViews */,
				8C97FE64239BBBA700D34F5B /* SoaringView.swift */,
				8C49FC70239ADB5200BB319B /* Star.swift */,
				8C8F295623AA8B9C005BAEA1 /* Loader.swift */,
				8C97AD4D239D3377005219D0 /* CreateElementRow.swift */,
				8C8BB35023AD019300EE8C10 /* ProgressBar.swift */,
				8C62950323B54FC800005F7C /* InputRow.swift */,
			);
			path = Common;
			sourceTree = "<group>";
		};
		8C4C3D3A2394D79200E36BF1 = {
			isa = PBXGroup;
			children = (
				8C4C3D452394D79200E36BF1 /* Smartmate */,
				8C4C3D442394D79200E36BF1 /* Products */,
			);
			sourceTree = "<group>";
		};
		8C4C3D442394D79200E36BF1 /* Products */ = {
			isa = PBXGroup;
			children = (
				8C4C3D432394D79200E36BF1 /* Smartmate.app */,
			);
			name = Products;
			sourceTree = "<group>";
		};
		8C4C3D452394D79200E36BF1 /* Smartmate */ = {
			isa = PBXGroup;
			children = (
				8CADE9F12395893E00B16863 /* App */,
				8CADE9EB239583EA00B16863 /* Core */,
				8CADE9EA2395839D00B16863 /* Resource */,
				8CADE9E92395837F00B16863 /* Environments */,
				8C4C3D4E2394D79400E36BF1 /* Preview Content */,
			);
			path = Smartmate;
			sourceTree = "<group>";
		};
		8C4C3D4E2394D79400E36BF1 /* Preview Content */ = {
			isa = PBXGroup;
			children = (
				8C4C3D4F2394D79400E36BF1 /* Preview Assets.xcassets */,
			);
			path = "Preview Content";
			sourceTree = "<group>";
		};
		8C8BB0EF23ACA94A00EE8C10 /* Bookmark */ = {
			isa = PBXGroup;
			children = (
				8CF68FC6239A8D6400CD0652 /* BookmarkListVM.swift */,
				8C8BB0F023ACA96A00EE8C10 /* BookmarkVM.swift */,
				8C6373B023A8F49000EA7065 /* CreateBookmarkVM.swift */,
			);
			path = Bookmark;
			sourceTree = "<group>";
		};
		8C8BB0F223ACAA1900EE8C10 /* Task */ = {
			isa = PBXGroup;
			children = (
				8CF68FC4239A8D0500CD0652 /* TaskListVM.swift */,
			);
			path = Task;
			sourceTree = "<group>";
		};
		8C8BB0F323ACAA2C00EE8C10 /* Account */ = {
			isa = PBXGroup;
			children = (
				8CF68FC8239A8D9600CD0652 /* InformationVM.swift */,
			);
			path = Account;
			sourceTree = "<group>";
		};
		8C8F294B23AA5A1C005BAEA1 /* Pagination */ = {
			isa = PBXGroup;
			children = (
				8C8F294C23AA5A2B005BAEA1 /* Page.swift */,
				8C8F294E23AA5A38005BAEA1 /* PageData.swift */,
				8C8F295023AA5A4A005BAEA1 /* PagePosition.swift */,
			);
			path = Pagination;
			sourceTree = "<group>";
		};
		8C940D7B23A6BCF500EE6A9A /* ViewModels */ = {
			isa = PBXGroup;
			children = (
				8C8BB0EF23ACA94A00EE8C10 /* Bookmark */,
				8C8BB0F223ACAA1900EE8C10 /* Task */,
				8C8BB0F323ACAA2C00EE8C10 /* Account */,
			);
			path = ViewModels;
			sourceTree = "<group>";
		};
		8C940D7C23A6BD1A00EE6A9A /* ApiClient */ = {
			isa = PBXGroup;
			children = (
				8C940D9523A6BF0500EE6A9A /* APIs */,
				8C940D9423A6BEEF00EE6A9A /* OpenAPIClient */,
			);
			path = ApiClient;
			sourceTree = "<group>";
		};
		8C940D9423A6BEEF00EE6A9A /* OpenAPIClient */ = {
			isa = PBXGroup;
			children = (
				8C940D8E23A6BDCC00EE6A9A /* APIs.swift */,
				8C940D8023A6BDB500EE6A9A /* APIHelper.swift */,
				8C940D7F23A6BDB500EE6A9A /* AlamofireImplementations.swift */,
				8C940D8D23A6BDCC00EE6A9A /* CodableHelper.swift */,
				8C940D8223A6BDB500EE6A9A /* Configuration.swift */,
				8C940D8323A6BDB600EE6A9A /* Extensions.swift */,
				8C940D8923A6BDC300EE6A9A /* JSONEncodableEncoding.swift */,
				8C940D8A23A6BDC300EE6A9A /* JSONEncodingHelper.swift */,
				8C940D8123A6BDB500EE6A9A /* Models.swift */,
			);
			path = OpenAPIClient;
			sourceTree = "<group>";
		};
		8C940D9523A6BF0500EE6A9A /* APIs */ = {
			isa = PBXGroup;
			children = (
				8C8F294823AA59E7005BAEA1 /* BookmarksAPI.swift */,
				8C8F294723AA59E7005BAEA1 /* TasksAPI.swift */,
			);
			path = APIs;
			sourceTree = "<group>";
		};
		8C983CE3239FCBAD00BA2D10 /* SwiftUI */ = {
			isa = PBXGroup;
			children = (
				8C983CE4239FCBBF00BA2D10 /* View+Core.swift */,
				8C6294FF23B545D700005F7C /* Color+Core.swift */,
			);
			path = SwiftUI;
			sourceTree = "<group>";
		};
		8CADE9E92395837F00B16863 /* Environments */ = {
			isa = PBXGroup;
			children = (
				8C940D7923A6BC0500EE6A9A /* Smartmate_ApiSpec.yaml */,
				8C4C3D542394D79400E36BF1 /* Info.plist */,
			);
			path = Environments;
			sourceTree = "<group>";
		};
		8CADE9EA2395839D00B16863 /* Resource */ = {
			isa = PBXGroup;
			children = (
				8C4C3D512394D79400E36BF1 /* LaunchScreen.storyboard */,
				8C4C3D4C2394D79400E36BF1 /* Assets.xcassets */,
			);
			path = Resource;
			sourceTree = "<group>";
		};
		8CADE9EB239583EA00B16863 /* Core */ = {
			isa = PBXGroup;
			children = (
				8C319D4223AAD8A000DADB7A /* Utils */,
				8C319D3F23AAD44800DADB7A /* Property Wrappres */,
				8CADE9F02395890F00B16863 /* Extensions */,
			);
			path = Core;
			sourceTree = "<group>";
		};
		8CADE9F02395890F00B16863 /* Extensions */ = {
			isa = PBXGroup;
			children = (
				8C983CE3239FCBAD00BA2D10 /* SwiftUI */,
				8CFB52A02396A85300EEB267 /* Foundation */,
			);
			path = Extensions;
			sourceTree = "<group>";
		};
		8CADE9F12395893E00B16863 /* App */ = {
			isa = PBXGroup;
			children = (
				8CADE9F52395899300B16863 /* Logic */,
				8CADE9F42395898600B16863 /* Entity */,
				8CADE9F32395896900B16863 /* Assembly */,
				8CADE9F22395895300B16863 /* Flows */,
			);
			path = App;
			sourceTree = "<group>";
		};
		8CADE9F22395895300B16863 /* Flows */ = {
			isa = PBXGroup;
			children = (
				8C49FC6F239ADB3A00BB319B /* Common */,
				8CFAD089239AA4480016ACA9 /* TabView */,
				8CFB529C2396A6FF00EEB267 /* Bookmarks */,
				8CFB529D2396A70B00EEB267 /* Tasks */,
				8CFB52A92396AE4000EEB267 /* Information */,
			);
			path = Flows;
			sourceTree = "<group>";
		};
		8CADE9F32395896900B16863 /* Assembly */ = {
			isa = PBXGroup;
			children = (
			);
			path = Assembly;
			sourceTree = "<group>";
		};
		8CADE9F42395898600B16863 /* Entity */ = {
			isa = PBXGroup;
			children = (
				8C8F294B23AA5A1C005BAEA1 /* Pagination */,
				8C8F295223AA5A81005BAEA1 /* BookmarkPage.swift */,
				8C8F295423AA5AE3005BAEA1 /* TaskPage.swift */,
				8C85C0F823A91A75004FD589 /* Bookmark.swift */,
				8C85C0F923A91A76004FD589 /* Task.swift */,
				8CF68FCA239A90B900CD0652 /* Profile.swift */,
				8C85C0E823A91828004FD589 /* ModelError.swift */,
			);
			path = Entity;
			sourceTree = "<group>";
		};
		8CADE9F52395899300B16863 /* Logic */ = {
			isa = PBXGroup;
			children = (
				8C940D7C23A6BD1A00EE6A9A /* ApiClient */,
				8C940D7B23A6BCF500EE6A9A /* ViewModels */,
				8C4C3D462394D79200E36BF1 /* AppDelegate.swift */,
				8C4C3D482394D79200E36BF1 /* SceneDelegate.swift */,
			);
			path = Logic;
			sourceTree = "<group>";
		};
		8CFAD089239AA4480016ACA9 /* TabView */ = {
			isa = PBXGroup;
			children = (
				8CFAD08A239AA4640016ACA9 /* ScreenType.swift */,
				8C4C3D4A2394D79200E36BF1 /* MainTabView.swift */,
				8CFAD08C239AA4B60016ACA9 /* TabItem.swift */,
			);
			path = TabView;
			sourceTree = "<group>";
		};
		8CFB529C2396A6FF00EEB267 /* Bookmarks */ = {
			isa = PBXGroup;
			children = (
				8CD4F1042395A5DD008CA6D7 /* BookmarkList.swift */,
				8C49FC6D239AD87900BB319B /* BookmarkRow.swift */,
				8CFB529E2396A73200EEB267 /* BookmarkView.swift */,
				8C6373AE23A8F39A00EA7065 /* CreateBookmarkView.swift */,
			);
			path = Bookmarks;
			sourceTree = "<group>";
		};
		8CFB529D2396A70B00EEB267 /* Tasks */ = {
			isa = PBXGroup;
			children = (
				8CD4F1022395A427008CA6D7 /* TaskList.swift */,
				8C8DA356239BEDB9002A9567 /* TaskRow.swift */,
				8CFB52A72396ACA800EEB267 /* TaskView.swift */,
			);
			path = Tasks;
			sourceTree = "<group>";
		};
		8CFB52A02396A85300EEB267 /* Foundation */ = {
			isa = PBXGroup;
			children = (
				8C983CE6239FD38700BA2D10 /* RandomAccessCollection+Core.swift */,
			);
			path = Foundation;
			sourceTree = "<group>";
		};
		8CFB52A92396AE4000EEB267 /* Information */ = {
			isa = PBXGroup;
			children = (
				8CD4F1062395A721008CA6D7 /* InformationView.swift */,
				8CF5169B2396D50B0041C47B /* ProfileView.swift */,
			);
			path = Information;
			sourceTree = "<group>";
		};
/* End PBXGroup section */

/* Begin PBXNativeTarget section */
		8C4C3D422394D79200E36BF1 /* Smartmate */ = {
			isa = PBXNativeTarget;
			buildConfigurationList = 8C4C3D572394D79400E36BF1 /* Build configuration list for PBXNativeTarget "Smartmate" */;
			buildPhases = (
				8C4C3D3F2394D79200E36BF1 /* Sources */,
				8C4C3D402394D79200E36BF1 /* Frameworks */,
				8C4C3D412394D79200E36BF1 /* Resources */,
			);
			buildRules = (
			);
			dependencies = (
			);
			name = Smartmate;
			packageProductDependencies = (
				8C940D9223A6BEC800EE6A9A /* Alamofire */,
			);
			productName = Smartmate;
			productReference = 8C4C3D432394D79200E36BF1 /* Smartmate.app */;
			productType = "com.apple.product-type.application";
		};
/* End PBXNativeTarget section */

/* Begin PBXProject section */
		8C4C3D3B2394D79200E36BF1 /* Project object */ = {
			isa = PBXProject;
			attributes = {
				LastSwiftUpdateCheck = 1120;
				LastUpgradeCheck = 1120;
				ORGANIZATIONNAME = "Владислав Фролов";
				TargetAttributes = {
					8C4C3D422394D79200E36BF1 = {
						CreatedOnToolsVersion = 11.2.1;
					};
				};
			};
			buildConfigurationList = 8C4C3D3E2394D79200E36BF1 /* Build configuration list for PBXProject "Smartmate" */;
			compatibilityVersion = "Xcode 9.3";
			developmentRegion = en;
			hasScannedForEncodings = 0;
			knownRegions = (
				en,
				Base,
			);
			mainGroup = 8C4C3D3A2394D79200E36BF1;
			packageReferences = (
				8C940D9123A6BEC800EE6A9A /* XCRemoteSwiftPackageReference "Alamofire" */,
			);
			productRefGroup = 8C4C3D442394D79200E36BF1 /* Products */;
			projectDirPath = "";
			projectRoot = "";
			targets = (
				8C4C3D422394D79200E36BF1 /* Smartmate */,
			);
		};
/* End PBXProject section */

/* Begin PBXResourcesBuildPhase section */
		8C4C3D412394D79200E36BF1 /* Resources */ = {
			isa = PBXResourcesBuildPhase;
			buildActionMask = 2147483647;
			files = (
				8C4C3D532394D79400E36BF1 /* LaunchScreen.storyboard in Resources */,
				8C940D7A23A6BC0500EE6A9A /* Smartmate_ApiSpec.yaml in Resources */,
				8C4C3D502394D79400E36BF1 /* Preview Assets.xcassets in Resources */,
				8C4C3D4D2394D79400E36BF1 /* Assets.xcassets in Resources */,
			);
			runOnlyForDeploymentPostprocessing = 0;
		};
/* End PBXResourcesBuildPhase section */

/* Begin PBXSourcesBuildPhase section */
		8C4C3D3F2394D79200E36BF1 /* Sources */ = {
			isa = PBXSourcesBuildPhase;
			buildActionMask = 2147483647;
			files = (
				8C940D8523A6BDB600EE6A9A /* APIHelper.swift in Sources */,
				8C8BB35123AD019300EE8C10 /* ProgressBar.swift in Sources */,
				8C319D4423AAD95B00DADB7A /* AppData.swift in Sources */,
				8C319D4123AAD48D00DADB7A /* UserDefaults+PropertyWrapper.swift in Sources */,
				8C8DA357239BEDB9002A9567 /* TaskRow.swift in Sources */,
				8C97AD4E239D3377005219D0 /* CreateElementRow.swift in Sources */,
				8CFB529F2396A73200EEB267 /* BookmarkView.swift in Sources */,
				8C8F295523AA5AE3005BAEA1 /* TaskPage.swift in Sources */,
				8C983CE5239FCBBF00BA2D10 /* View+Core.swift in Sources */,
				8CD4F1072395A721008CA6D7 /* InformationView.swift in Sources */,
				8C85C0EB23A91828004FD589 /* ModelError.swift in Sources */,
				8C940D8423A6BDB600EE6A9A /* AlamofireImplementations.swift in Sources */,
				8C49FC71239ADB5200BB319B /* Star.swift in Sources */,
				8C4C3D472394D79200E36BF1 /* AppDelegate.swift in Sources */,
				8C8BB0F123ACA96A00EE8C10 /* BookmarkVM.swift in Sources */,
				8C6373AF23A8F39A00EA7065 /* CreateBookmarkView.swift in Sources */,
				8C8F294923AA59E7005BAEA1 /* TasksAPI.swift in Sources */,
				8C940D8723A6BDB600EE6A9A /* Configuration.swift in Sources */,
				8CF5169C2396D50B0041C47B /* ProfileView.swift in Sources */,
				8C8F294F23AA5A38005BAEA1 /* PageData.swift in Sources */,
				8C8F294A23AA59E7005BAEA1 /* BookmarksAPI.swift in Sources */,
				8CFAD08D239AA4B60016ACA9 /* TabItem.swift in Sources */,
				8C49FC6E239AD87900BB319B /* BookmarkRow.swift in Sources */,
				8CD4F1032395A427008CA6D7 /* TaskList.swift in Sources */,
				8C4C3D492394D79200E36BF1 /* SceneDelegate.swift in Sources */,
				8CF68FC9239A8D9600CD0652 /* InformationVM.swift in Sources */,
				8C62950423B54FC800005F7C /* InputRow.swift in Sources */,
				8C85C0FA23A91A76004FD589 /* Bookmark.swift in Sources */,
				8C6373B123A8F49000EA7065 /* CreateBookmarkVM.swift in Sources */,
				8CD4F1052395A5DD008CA6D7 /* BookmarkList.swift in Sources */,
				8C97FE65239BBBA700D34F5B /* SoaringView.swift in Sources */,
				8CF68FCB239A90B900CD0652 /* Profile.swift in Sources */,
				8C940D8C23A6BDC300EE6A9A /* JSONEncodingHelper.swift in Sources */,
				8C940D8B23A6BDC300EE6A9A /* JSONEncodableEncoding.swift in Sources */,
				8CF68FC7239A8D6400CD0652 /* BookmarkListVM.swift in Sources */,
				8C983CE7239FD38700BA2D10 /* RandomAccessCollection+Core.swift in Sources */,
				8C319D4723AAE6C000DADB7A /* WebView.swift in Sources */,
				8C62950023B545D700005F7C /* Color+Core.swift in Sources */,
				8CF68FC5239A8D0500CD0652 /* TaskListVM.swift in Sources */,
				8C4C3D4B2394D79200E36BF1 /* MainTabView.swift in Sources */,
				8C940D8823A6BDB600EE6A9A /* Extensions.swift in Sources */,
				8C8F295323AA5A81005BAEA1 /* BookmarkPage.swift in Sources */,
				8CFAD08B239AA4640016ACA9 /* ScreenType.swift in Sources */,
				8CFB52A82396ACA800EEB267 /* TaskView.swift in Sources */,
				8C8F295123AA5A4A005BAEA1 /* PagePosition.swift in Sources */,
				8C8F294D23AA5A2B005BAEA1 /* Page.swift in Sources */,
				8C85C0FB23A91A76004FD589 /* Task.swift in Sources */,
				8C940D8F23A6BDCC00EE6A9A /* CodableHelper.swift in Sources */,
				8C940D9023A6BDCC00EE6A9A /* APIs.swift in Sources */,
				8C940D8623A6BDB600EE6A9A /* Models.swift in Sources */,
				8C8F295723AA8B9C005BAEA1 /* Loader.swift in Sources */,
			);
			runOnlyForDeploymentPostprocessing = 0;
		};
/* End PBXSourcesBuildPhase section */

/* Begin PBXVariantGroup section */
		8C4C3D512394D79400E36BF1 /* LaunchScreen.storyboard */ = {
			isa = PBXVariantGroup;
			children = (
				8C4C3D522394D79400E36BF1 /* Base */,
			);
			name = LaunchScreen.storyboard;
			sourceTree = "<group>";
		};
/* End PBXVariantGroup section */

/* Begin XCBuildConfiguration section */
		8C4C3D552394D79400E36BF1 /* Debug */ = {
			isa = XCBuildConfiguration;
			buildSettings = {
				ALWAYS_SEARCH_USER_PATHS = NO;
				CLANG_ANALYZER_NONNULL = YES;
				CLANG_ANALYZER_NUMBER_OBJECT_CONVERSION = YES_AGGRESSIVE;
				CLANG_CXX_LANGUAGE_STANDARD = "gnu++14";
				CLANG_CXX_LIBRARY = "libc++";
				CLANG_ENABLE_MODULES = YES;
				CLANG_ENABLE_OBJC_ARC = YES;
				CLANG_ENABLE_OBJC_WEAK = YES;
				CLANG_WARN_BLOCK_CAPTURE_AUTORELEASING = YES;
				CLANG_WARN_BOOL_CONVERSION = YES;
				CLANG_WARN_COMMA = YES;
				CLANG_WARN_CONSTANT_CONVERSION = YES;
				CLANG_WARN_DEPRECATED_OBJC_IMPLEMENTATIONS = YES;
				CLANG_WARN_DIRECT_OBJC_ISA_USAGE = YES_ERROR;
				CLANG_WARN_DOCUMENTATION_COMMENTS = YES;
				CLANG_WARN_EMPTY_BODY = YES;
				CLANG_WARN_ENUM_CONVERSION = YES;
				CLANG_WARN_INFINITE_RECURSION = YES;
				CLANG_WARN_INT_CONVERSION = YES;
				CLANG_WARN_NON_LITERAL_NULL_CONVERSION = YES;
				CLANG_WARN_OBJC_IMPLICIT_RETAIN_SELF = YES;
				CLANG_WARN_OBJC_LITERAL_CONVERSION = YES;
				CLANG_WARN_OBJC_ROOT_CLASS = YES_ERROR;
				CLANG_WARN_RANGE_LOOP_ANALYSIS = YES;
				CLANG_WARN_STRICT_PROTOTYPES = YES;
				CLANG_WARN_SUSPICIOUS_MOVE = YES;
				CLANG_WARN_UNGUARDED_AVAILABILITY = YES_AGGRESSIVE;
				CLANG_WARN_UNREACHABLE_CODE = YES;
				CLANG_WARN__DUPLICATE_METHOD_MATCH = YES;
				COPY_PHASE_STRIP = NO;
				DEBUG_INFORMATION_FORMAT = dwarf;
				ENABLE_STRICT_OBJC_MSGSEND = YES;
				ENABLE_TESTABILITY = YES;
				GCC_C_LANGUAGE_STANDARD = gnu11;
				GCC_DYNAMIC_NO_PIC = NO;
				GCC_NO_COMMON_BLOCKS = YES;
				GCC_OPTIMIZATION_LEVEL = 0;
				GCC_PREPROCESSOR_DEFINITIONS = (
					"DEBUG=1",
					"$(inherited)",
				);
				GCC_WARN_64_TO_32_BIT_CONVERSION = YES;
				GCC_WARN_ABOUT_RETURN_TYPE = YES_ERROR;
				GCC_WARN_UNDECLARED_SELECTOR = YES;
				GCC_WARN_UNINITIALIZED_AUTOS = YES_AGGRESSIVE;
				GCC_WARN_UNUSED_FUNCTION = YES;
				GCC_WARN_UNUSED_VARIABLE = YES;
				IPHONEOS_DEPLOYMENT_TARGET = 13.2;
				MTL_ENABLE_DEBUG_INFO = INCLUDE_SOURCE;
				MTL_FAST_MATH = YES;
				ONLY_ACTIVE_ARCH = YES;
				SDKROOT = iphoneos;
				SWIFT_ACTIVE_COMPILATION_CONDITIONS = DEBUG;
				SWIFT_OPTIMIZATION_LEVEL = "-Onone";
			};
			name = Debug;
		};
		8C4C3D562394D79400E36BF1 /* Release */ = {
			isa = XCBuildConfiguration;
			buildSettings = {
				ALWAYS_SEARCH_USER_PATHS = NO;
				CLANG_ANALYZER_NONNULL = YES;
				CLANG_ANALYZER_NUMBER_OBJECT_CONVERSION = YES_AGGRESSIVE;
				CLANG_CXX_LANGUAGE_STANDARD = "gnu++14";
				CLANG_CXX_LIBRARY = "libc++";
				CLANG_ENABLE_MODULES = YES;
				CLANG_ENABLE_OBJC_ARC = YES;
				CLANG_ENABLE_OBJC_WEAK = YES;
				CLANG_WARN_BLOCK_CAPTURE_AUTORELEASING = YES;
				CLANG_WARN_BOOL_CONVERSION = YES;
				CLANG_WARN_COMMA = YES;
				CLANG_WARN_CONSTANT_CONVERSION = YES;
				CLANG_WARN_DEPRECATED_OBJC_IMPLEMENTATIONS = YES;
				CLANG_WARN_DIRECT_OBJC_ISA_USAGE = YES_ERROR;
				CLANG_WARN_DOCUMENTATION_COMMENTS = YES;
				CLANG_WARN_EMPTY_BODY = YES;
				CLANG_WARN_ENUM_CONVERSION = YES;
				CLANG_WARN_INFINITE_RECURSION = YES;
				CLANG_WARN_INT_CONVERSION = YES;
				CLANG_WARN_NON_LITERAL_NULL_CONVERSION = YES;
				CLANG_WARN_OBJC_IMPLICIT_RETAIN_SELF = YES;
				CLANG_WARN_OBJC_LITERAL_CONVERSION = YES;
				CLANG_WARN_OBJC_ROOT_CLASS = YES_ERROR;
				CLANG_WARN_RANGE_LOOP_ANALYSIS = YES;
				CLANG_WARN_STRICT_PROTOTYPES = YES;
				CLANG_WARN_SUSPICIOUS_MOVE = YES;
				CLANG_WARN_UNGUARDED_AVAILABILITY = YES_AGGRESSIVE;
				CLANG_WARN_UNREACHABLE_CODE = YES;
				CLANG_WARN__DUPLICATE_METHOD_MATCH = YES;
				COPY_PHASE_STRIP = NO;
				DEBUG_INFORMATION_FORMAT = "dwarf-with-dsym";
				ENABLE_NS_ASSERTIONS = NO;
				ENABLE_STRICT_OBJC_MSGSEND = YES;
				GCC_C_LANGUAGE_STANDARD = gnu11;
				GCC_NO_COMMON_BLOCKS = YES;
				GCC_WARN_64_TO_32_BIT_CONVERSION = YES;
				GCC_WARN_ABOUT_RETURN_TYPE = YES_ERROR;
				GCC_WARN_UNDECLARED_SELECTOR = YES;
				GCC_WARN_UNINITIALIZED_AUTOS = YES_AGGRESSIVE;
				GCC_WARN_UNUSED_FUNCTION = YES;
				GCC_WARN_UNUSED_VARIABLE = YES;
				IPHONEOS_DEPLOYMENT_TARGET = 13.2;
				MTL_ENABLE_DEBUG_INFO = NO;
				MTL_FAST_MATH = YES;
				SDKROOT = iphoneos;
				SWIFT_COMPILATION_MODE = wholemodule;
				SWIFT_OPTIMIZATION_LEVEL = "-O";
				VALIDATE_PRODUCT = YES;
			};
			name = Release;
		};
		8C4C3D582394D79400E36BF1 /* Debug */ = {
			isa = XCBuildConfiguration;
			buildSettings = {
				ASSETCATALOG_COMPILER_APPICON_NAME = AppIcon;
				CODE_SIGN_STYLE = Automatic;
				DEVELOPMENT_ASSET_PATHS = "\"Smartmate/Preview Content\"";
				DEVELOPMENT_TEAM = VSM5Z233VL;
				ENABLE_PREVIEWS = YES;
				INFOPLIST_FILE = Smartmate/Environments/Info.plist;
				LD_RUNPATH_SEARCH_PATHS = (
					"$(inherited)",
					"@executable_path/Frameworks",
				);
				PRODUCT_BUNDLE_IDENTIFIER = VF.SmartmateApp;
				PRODUCT_NAME = "$(TARGET_NAME)";
				SWIFT_VERSION = 5.0;
				TARGETED_DEVICE_FAMILY = "1,2";
			};
			name = Debug;
		};
		8C4C3D592394D79400E36BF1 /* Release */ = {
			isa = XCBuildConfiguration;
			buildSettings = {
				ASSETCATALOG_COMPILER_APPICON_NAME = AppIcon;
				CODE_SIGN_STYLE = Automatic;
				DEVELOPMENT_ASSET_PATHS = "\"Smartmate/Preview Content\"";
				DEVELOPMENT_TEAM = VSM5Z233VL;
				ENABLE_PREVIEWS = YES;
				INFOPLIST_FILE = Smartmate/Environments/Info.plist;
				LD_RUNPATH_SEARCH_PATHS = (
					"$(inherited)",
					"@executable_path/Frameworks",
				);
				PRODUCT_BUNDLE_IDENTIFIER = VF.SmartmateApp;
				PRODUCT_NAME = "$(TARGET_NAME)";
				SWIFT_VERSION = 5.0;
				TARGETED_DEVICE_FAMILY = "1,2";
			};
			name = Release;
		};
/* End XCBuildConfiguration section */

/* Begin XCConfigurationList section */
		8C4C3D3E2394D79200E36BF1 /* Build configuration list for PBXProject "Smartmate" */ = {
			isa = XCConfigurationList;
			buildConfigurations = (
				8C4C3D552394D79400E36BF1 /* Debug */,
				8C4C3D562394D79400E36BF1 /* Release */,
			);
			defaultConfigurationIsVisible = 0;
			defaultConfigurationName = Release;
		};
		8C4C3D572394D79400E36BF1 /* Build configuration list for PBXNativeTarget "Smartmate" */ = {
			isa = XCConfigurationList;
			buildConfigurations = (
				8C4C3D582394D79400E36BF1 /* Debug */,
				8C4C3D592394D79400E36BF1 /* Release */,
			);
			defaultConfigurationIsVisible = 0;
			defaultConfigurationName = Release;
		};
/* End XCConfigurationList section */

/* Begin XCRemoteSwiftPackageReference section */
		8C940D9123A6BEC800EE6A9A /* XCRemoteSwiftPackageReference "Alamofire" */ = {
			isa = XCRemoteSwiftPackageReference;
			repositoryURL = "https://github.com/Alamofire/Alamofire.git";
			requirement = {
				kind = upToNextMajorVersion;
				minimumVersion = 4.9.1;
			};
		};
/* End XCRemoteSwiftPackageReference section */

/* Begin XCSwiftPackageProductDependency section */
		8C940D9223A6BEC800EE6A9A /* Alamofire */ = {
			isa = XCSwiftPackageProductDependency;
			package = 8C940D9123A6BEC800EE6A9A /* XCRemoteSwiftPackageReference "Alamofire" */;
			productName = Alamofire;
		};
/* End XCSwiftPackageProductDependency section */
	};
	rootObject = 8C4C3D3B2394D79200E36BF1 /* Project object */;
}
